
Microsoft Visual Studio Solution File, Format Version 12.00
# Visual Studio 14
VisualStudioVersion = 14.0.25123.0
MinimumVisualStudioVersion = 10.0.40219.1
Project("{2150E333-8FDC-42A3-9474-1A3956D46DE8}") = "src", "src", "{65D07964-312E-42FA-A4EC-DB7664B54C0F}"
EndProject
Project("{2150E333-8FDC-42A3-9474-1A3956D46DE8}") = "Solution Items", "Solution Items", "{A8270710-8470-40E6-8949-3153C84077FA}"
	ProjectSection(SolutionItems) = preProject
		global.json = global.json
	EndProjectSection
EndProject
Project("{8BB2217D-0F2D-49D1-97BC-3654ED321F3B}") = "DotNetCore", "src\DonNetCore\DotNetCore.xproj", "{A2340ABF-30BF-4237-A995-24C12AE11664}"
EndProject
Global
	GlobalSection(SolutionConfigurationPlatforms) = preSolution
		Debug|Any CPU = Debug|Any CPU
		Release|Any CPU = Release|Any CPU
	EndGlobalSection
	GlobalSection(ProjectConfigurationPlatforms) = postSolution
		{A2340ABF-30BF-4237-A995-24C12AE11664}.Debug|Any CPU.ActiveCfg = Debug|Any CPU
		{A2340ABF-30BF-4237-A995-24C12AE11664}.Debug|Any CPU.Build.0 = Debug|Any CPU
		{A2340ABF-30BF-4237-A995-24C12AE11664}.Release|Any CPU.ActiveCfg = Release|Any CPU
		{A2340ABF-30BF-4237-A995-24C12AE11664}.Release|Any CPU.Build.0 = Release|Any CPU
	EndGlobalSection
	GlobalSection(SolutionProperties) = preSolution
		HideSolutionNode = FALSE
	EndGlobalSection
	GlobalSection(NestedProjects) = preSolution
		{A2340ABF-30BF-4237-A995-24C12AE11664} = {65D07964-312E-42FA-A4EC-DB7664B54C0F}
	EndGlobalSection
EndGlobal
